
Microsoft Visual Studio Solution File, Format Version 12.00
# Visual Studio Version 17
VisualStudioVersion = 17.9.34622.214
MinimumVisualStudioVersion = 10.0.40219.1
Project("{FAE04EC0-301F-11D3-BF4B-00C04F79EFBC}") = "EjercicioCRUDMvvm", "EjercicioCRUDMvvm.csproj", "{873689E7-A240-4C37-AF5D-CEFC84E876D0}"
EndProject
Global
	GlobalSection(SolutionConfigurationPlatforms) = preSolution
		Debug|Any CPU = Debug|Any CPU
		Release|Any CPU = Release|Any CPU
	EndGlobalSection
	GlobalSection(ProjectConfigurationPlatforms) = postSolution
		{873689E7-A240-4C37-AF5D-CEFC84E876D0}.Debug|Any CPU.ActiveCfg = Debug|Any CPU
		{873689E7-A240-4C37-AF5D-CEFC84E876D0}.Debug|Any CPU.Build.0 = Debug|Any CPU
		{873689E7-A240-4C37-AF5D-CEFC84E876D0}.Debug|Any CPU.Deploy.0 = Debug|Any CPU
		{873689E7-A240-4C37-AF5D-CEFC84E876D0}.Release|Any CPU.ActiveCfg = Release|Any CPU
		{873689E7-A240-4C37-AF5D-CEFC84E876D0}.Release|Any CPU.Build.0 = Release|Any CPU
		{873689E7-A240-4C37-AF5D-CEFC84E876D0}.Release|Any CPU.Deploy.0 = Release|Any CPU
	EndGlobalSection
	GlobalSection(SolutionProperties) = preSolution
		HideSolutionNode = FALSE
	EndGlobalSection
	GlobalSection(ExtensibilityGlobals) = postSolution
		SolutionGuid = {D381FCE3-030C-4521-AF99-C5452D0A74A6}
	EndGlobalSection
EndGlobal
